
Microsoft Visual Studio Solution File, Format Version 12.00
# Visual Studio Version 17
VisualStudioVersion = 17.5.33530.505
MinimumVisualStudioVersion = 10.0.40219.1
Project("{9A19103F-16F7-4668-BE54-9A1E7A4F7556}") = "YamMusicPlayerWebApi", "YamMusicPlayerWebApi.csproj", "{F5E0767A-5544-46FC-B074-0F1EABE30FDF}"
EndProject
Project("{FAE04EC0-301F-11D3-BF4B-00C04F79EFBC}") = "DataAccess", "..\DataAccess\DataAccess.csproj", "{E43D15CA-883E-4118-B19C-DB8893BB90E9}"
EndProject
Project("{FAE04EC0-301F-11D3-BF4B-00C04F79EFBC}") = "Snowflake.Net", "..\Snowflake.Net\Snowflake.Net.csproj", "{FE5E00BC-8DB6-42E3-8D65-998C82A58F68}"
EndProject
Project("{FAE04EC0-301F-11D3-BF4B-00C04F79EFBC}") = "PublicLibrary", "..\PublicLibrary\PublicLibrary.csproj", "{3C7511F0-DC28-42BB-851B-91C7C41F1C64}"
EndProject
Global
	GlobalSection(SolutionConfigurationPlatforms) = preSolution
		Debug|Any CPU = Debug|Any CPU
		Release|Any CPU = Release|Any CPU
	EndGlobalSection
	GlobalSection(ProjectConfigurationPlatforms) = postSolution
		{F5E0767A-5544-46FC-B074-0F1EABE30FDF}.Debug|Any CPU.ActiveCfg = Debug|Any CPU
		{F5E0767A-5544-46FC-B074-0F1EABE30FDF}.Debug|Any CPU.Build.0 = Debug|Any CPU
		{F5E0767A-5544-46FC-B074-0F1EABE30FDF}.Release|Any CPU.ActiveCfg = Release|Any CPU
		{F5E0767A-5544-46FC-B074-0F1EABE30FDF}.Release|Any CPU.Build.0 = Release|Any CPU
		{E43D15CA-883E-4118-B19C-DB8893BB90E9}.Debug|Any CPU.ActiveCfg = Debug|Any CPU
		{E43D15CA-883E-4118-B19C-DB8893BB90E9}.Debug|Any CPU.Build.0 = Debug|Any CPU
		{E43D15CA-883E-4118-B19C-DB8893BB90E9}.Release|Any CPU.ActiveCfg = Release|Any CPU
		{E43D15CA-883E-4118-B19C-DB8893BB90E9}.Release|Any CPU.Build.0 = Release|Any CPU
		{FE5E00BC-8DB6-42E3-8D65-998C82A58F68}.Debug|Any CPU.ActiveCfg = Debug|Any CPU
		{FE5E00BC-8DB6-42E3-8D65-998C82A58F68}.Debug|Any CPU.Build.0 = Debug|Any CPU
		{FE5E00BC-8DB6-42E3-8D65-998C82A58F68}.Release|Any CPU.ActiveCfg = Release|Any CPU
		{FE5E00BC-8DB6-42E3-8D65-998C82A58F68}.Release|Any CPU.Build.0 = Release|Any CPU
		{3C7511F0-DC28-42BB-851B-91C7C41F1C64}.Debug|Any CPU.ActiveCfg = Debug|Any CPU
		{3C7511F0-DC28-42BB-851B-91C7C41F1C64}.Debug|Any CPU.Build.0 = Debug|Any CPU
		{3C7511F0-DC28-42BB-851B-91C7C41F1C64}.Release|Any CPU.ActiveCfg = Release|Any CPU
		{3C7511F0-DC28-42BB-851B-91C7C41F1C64}.Release|Any CPU.Build.0 = Release|Any CPU
	EndGlobalSection
	GlobalSection(SolutionProperties) = preSolution
		HideSolutionNode = FALSE
	EndGlobalSection
	GlobalSection(ExtensibilityGlobals) = postSolution
		SolutionGuid = {25F623CC-4E8C-4E92-923C-30237673A380}
	EndGlobalSection
EndGlobal
